# This file is automatically @generated by Wally.
# It is not intended for manual editing.
registry = "test"

[[package]]
name = "aspecky/profilestore"
version = "0.3.0"
dependencies = []

[[package]]
name = "evaera/promise"
version = "4.0.0"
dependencies = []

[[package]]
name = "jaide/hide-a-brainrot"
version = "0.1.0"
dependencies = [["packet", "sjdinsd/packet@0.1.91"], ["promise", "evaera/promise@4.0.0"], ["profile-store", "aspecky/profilestore@0.3.0"]]

[[package]]
name = "sjdinsd/packet"
version = "0.1.91"
dependencies = []
